
Microsoft Visual Studio Solution File, Format Version 12.00
# Visual Studio Version 17
VisualStudioVersion = 17.13.35931.197 d17.13
MinimumVisualStudioVersion = 10.0.40219.1
Project("{FAE04EC0-301F-11D3-BF4B-00C04F79EFBC}") = "4_quiz_app", "4_quiz_app.csproj", "{946F93C0-A4B1-400E-9E73-BBD182D820F5}"
EndProject
Global
	GlobalSection(SolutionConfigurationPlatforms) = preSolution
		Debug|Any CPU = Debug|Any CPU
		Release|Any CPU = Release|Any CPU
	EndGlobalSection
	GlobalSection(ProjectConfigurationPlatforms) = postSolution
		{946F93C0-A4B1-400E-9E73-BBD182D820F5}.Debug|Any CPU.ActiveCfg = Debug|Any CPU
		{946F93C0-A4B1-400E-9E73-BBD182D820F5}.Debug|Any CPU.Build.0 = Debug|Any CPU
		{946F93C0-A4B1-400E-9E73-BBD182D820F5}.Release|Any CPU.ActiveCfg = Release|Any CPU
		{946F93C0-A4B1-400E-9E73-BBD182D820F5}.Release|Any CPU.Build.0 = Release|Any CPU
	EndGlobalSection
	GlobalSection(SolutionProperties) = preSolution
		HideSolutionNode = FALSE
	EndGlobalSection
	GlobalSection(ExtensibilityGlobals) = postSolution
		SolutionGuid = {116D160A-5707-44A4-97F1-AFC357717F23}
	EndGlobalSection
EndGlobal
