
Microsoft Visual Studio Solution File, Format Version 12.00
# Visual Studio Version 17
VisualStudioVersion = 17.13.35931.197 d17.13
MinimumVisualStudioVersion = 10.0.40219.1
Project("{FAE04EC0-301F-11D3-BF4B-00C04F79EFBC}") = "calc_app", "calc_app.csproj", "{A4E9FBFD-0052-4CC8-8D95-9E9B638A17C9}"
EndProject
Global
	GlobalSection(SolutionConfigurationPlatforms) = preSolution
		Debug|Any CPU = Debug|Any CPU
		Release|Any CPU = Release|Any CPU
	EndGlobalSection
	GlobalSection(ProjectConfigurationPlatforms) = postSolution
		{A4E9FBFD-0052-4CC8-8D95-9E9B638A17C9}.Debug|Any CPU.ActiveCfg = Debug|Any CPU
		{A4E9FBFD-0052-4CC8-8D95-9E9B638A17C9}.Debug|Any CPU.Build.0 = Debug|Any CPU
		{A4E9FBFD-0052-4CC8-8D95-9E9B638A17C9}.Release|Any CPU.ActiveCfg = Release|Any CPU
		{A4E9FBFD-0052-4CC8-8D95-9E9B638A17C9}.Release|Any CPU.Build.0 = Release|Any CPU
	EndGlobalSection
	GlobalSection(SolutionProperties) = preSolution
		HideSolutionNode = FALSE
	EndGlobalSection
	GlobalSection(ExtensibilityGlobals) = postSolution
		SolutionGuid = {603C9D44-AD8A-46D7-9034-6BB20D9234F0}
	EndGlobalSection
EndGlobal
